// !$*UTF8*$!
{
	archiveVersion = 1;
	classes = {
	};
	objectVersion = 55;
	objects = {

/* Begin PBXBuildFile section */
		0752CED67E608FADAFAB6C9A /* Pods_DecibelMeter.framework in Frameworks */ = {isa = PBXBuildFile; fileRef = 264DDBDBE32EDDBB4A5B99D4 /* Pods_DecibelMeter.framework */; };
		362E78722749347C0036CAD5 /* MainFunctionalSlide.swift in Sources */ = {isa = PBXBuildFile; fileRef = 362E78712749347C0036CAD5 /* MainFunctionalSlide.swift */; };
		362E7874274934950036CAD5 /* RatingSlide.swift in Sources */ = {isa = PBXBuildFile; fileRef = 362E7873274934950036CAD5 /* RatingSlide.swift */; };
		362E7876274934A80036CAD5 /* FunctionalDescribingSlide.swift in Sources */ = {isa = PBXBuildFile; fileRef = 362E7875274934A80036CAD5 /* FunctionalDescribingSlide.swift */; };
		362E7878274934B50036CAD5 /* SubscribeSlide.swift in Sources */ = {isa = PBXBuildFile; fileRef = 362E7877274934B50036CAD5 /* SubscribeSlide.swift */; };
		362E787A2749404B0036CAD5 /* Gradient.swift in Sources */ = {isa = PBXBuildFile; fileRef = 362E78792749404B0036CAD5 /* Gradient.swift */; };
		367CE2C127492D8200AD5010 /* Collection.swift in Sources */ = {isa = PBXBuildFile; fileRef = 367CE2C027492D8200AD5010 /* Collection.swift */; };
		367CE2C327492FD500AD5010 /* OnboardingManager.swift in Sources */ = {isa = PBXBuildFile; fileRef = 367CE2C227492FD500AD5010 /* OnboardingManager.swift */; };
		367CE2C527492FF300AD5010 /* Stack.swift in Sources */ = {isa = PBXBuildFile; fileRef = 367CE2C427492FF300AD5010 /* Stack.swift */; };
		369056972757C7230019184B /* SettingsCell.swift in Sources */ = {isa = PBXBuildFile; fileRef = 369056962757C7220019184B /* SettingsCell.swift */; };
		3697E3A52749177E00C5BE5B /* Recorder.swift in Sources */ = {isa = PBXBuildFile; fileRef = 3697E3A42749177E00C5BE5B /* Recorder.swift */; };
		3697E3AB2749180500C5BE5B /* Label.swift in Sources */ = {isa = PBXBuildFile; fileRef = 3697E3AA2749180500C5BE5B /* Label.swift */; };
		3697E3AD2749180C00C5BE5B /* Button.swift in Sources */ = {isa = PBXBuildFile; fileRef = 3697E3AC2749180C00C5BE5B /* Button.swift */; };
		3697E3AF2749187400C5BE5B /* Image.swift in Sources */ = {isa = PBXBuildFile; fileRef = 3697E3AE2749187400C5BE5B /* Image.swift */; };
		369962492763B54300AD0CDE /* SavedCell.swift in Sources */ = {isa = PBXBuildFile; fileRef = 369962482763B54300AD0CDE /* SavedCell.swift */; };
		3699624B2764F54400AD0CDE /* RecordInfo.swift in Sources */ = {isa = PBXBuildFile; fileRef = 3699624A2764F54400AD0CDE /* RecordInfo.swift */; };
		36CCE92B2747E40600997592 /* AppDelegate.swift in Sources */ = {isa = PBXBuildFile; fileRef = 36CCE92A2747E40600997592 /* AppDelegate.swift */; };
		36CCE9352747E40600997592 /* DecibelMeter.xcdatamodeld in Sources */ = {isa = PBXBuildFile; fileRef = 36CCE9332747E40600997592 /* DecibelMeter.xcdatamodeld */; };
		36CCE9372747E40800997592 /* Assets.xcassets in Resources */ = {isa = PBXBuildFile; fileRef = 36CCE9362747E40800997592 /* Assets.xcassets */; };
		36CCE93A2747E40800997592 /* LaunchScreen.storyboard in Resources */ = {isa = PBXBuildFile; fileRef = 36CCE9382747E40800997592 /* LaunchScreen.storyboard */; };
		36D0461A2747F5F100EDE28A /* TabBar.swift in Sources */ = {isa = PBXBuildFile; fileRef = 36D046192747F5F100EDE28A /* TabBar.swift */; };
		36D0461E2747F61A00EDE28A /* Persist.swift in Sources */ = {isa = PBXBuildFile; fileRef = 36D0461D2747F61A00EDE28A /* Persist.swift */; };
		36D046222747F82900EDE28A /* Subscribe.swift in Sources */ = {isa = PBXBuildFile; fileRef = 36D046212747F82900EDE28A /* Subscribe.swift */; };
		36D046242747F83000EDE28A /* SettingsView.swift in Sources */ = {isa = PBXBuildFile; fileRef = 36D046232747F83000EDE28A /* SettingsView.swift */; };
		36D046262747F83B00EDE28A /* OnboardingView.swift in Sources */ = {isa = PBXBuildFile; fileRef = 36D046252747F83B00EDE28A /* OnboardingView.swift */; };
		36D046282747F84200EDE28A /* SavedView.swift in Sources */ = {isa = PBXBuildFile; fileRef = 36D046272747F84100EDE28A /* SavedView.swift */; };
		36D0462A2747F84C00EDE28A /* RecordView.swift in Sources */ = {isa = PBXBuildFile; fileRef = 36D046292747F84C00EDE28A /* RecordView.swift */; };
		36D046302747FA0000EDE28A /* OpenSans-Regular.ttf in Resources */ = {isa = PBXBuildFile; fileRef = 36D0462D2747FA0000EDE28A /* OpenSans-Regular.ttf */; };
		36D046312747FA0000EDE28A /* OpenSans-SemiBold.ttf in Resources */ = {isa = PBXBuildFile; fileRef = 36D0462E2747FA0000EDE28A /* OpenSans-SemiBold.ttf */; };
		36D046322747FA0000EDE28A /* OpenSans-Bold.ttf in Resources */ = {isa = PBXBuildFile; fileRef = 36D0462F2747FA0000EDE28A /* OpenSans-Bold.ttf */; };
		36D145782753F3ED00814A9A /* Player.swift in Sources */ = {isa = PBXBuildFile; fileRef = 36D145772753F3ED00814A9A /* Player.swift */; };
		36D336AE274C0D0900D0111A /* AvgMinMaxBar.swift in Sources */ = {isa = PBXBuildFile; fileRef = 36D336AD274C0D0900D0111A /* AvgMinMaxBar.swift */; };
		36D336B0274C334B00D0111A /* Constants.swift in Sources */ = {isa = PBXBuildFile; fileRef = 36D336AF274C334B00D0111A /* Constants.swift */; };
		36E4562527675DD600473491 /* Record+CoreDataClass.swift in Sources */ = {isa = PBXBuildFile; fileRef = 36E4562327675DD600473491 /* Record+CoreDataClass.swift */; };
		36E4562627675DD600473491 /* Record+CoreDataProperties.swift in Sources */ = {isa = PBXBuildFile; fileRef = 36E4562427675DD600473491 /* Record+CoreDataProperties.swift */; };
/* End PBXBuildFile section */

/* Begin PBXFileReference section */
		264DDBDBE32EDDBB4A5B99D4 /* Pods_DecibelMeter.framework */ = {isa = PBXFileReference; explicitFileType = wrapper.framework; includeInIndex = 0; path = Pods_DecibelMeter.framework; sourceTree = BUILT_PRODUCTS_DIR; };
		26A70E6834C96DE7E2DAA6C9 /* Pods-DecibelMeter.release.xcconfig */ = {isa = PBXFileReference; includeInIndex = 1; lastKnownFileType = text.xcconfig; name = "Pods-DecibelMeter.release.xcconfig"; path = "Target Support Files/Pods-DecibelMeter/Pods-DecibelMeter.release.xcconfig"; sourceTree = "<group>"; };
		362E78712749347C0036CAD5 /* MainFunctionalSlide.swift */ = {isa = PBXFileReference; lastKnownFileType = sourcecode.swift; path = MainFunctionalSlide.swift; sourceTree = "<group>"; };
		362E7873274934950036CAD5 /* RatingSlide.swift */ = {isa = PBXFileReference; lastKnownFileType = sourcecode.swift; path = RatingSlide.swift; sourceTree = "<group>"; };
		362E7875274934A80036CAD5 /* FunctionalDescribingSlide.swift */ = {isa = PBXFileReference; lastKnownFileType = sourcecode.swift; path = FunctionalDescribingSlide.swift; sourceTree = "<group>"; };
		362E7877274934B50036CAD5 /* SubscribeSlide.swift */ = {isa = PBXFileReference; lastKnownFileType = sourcecode.swift; path = SubscribeSlide.swift; sourceTree = "<group>"; };
		362E78792749404B0036CAD5 /* Gradient.swift */ = {isa = PBXFileReference; lastKnownFileType = sourcecode.swift; path = Gradient.swift; sourceTree = "<group>"; };
		367CE2C027492D8200AD5010 /* Collection.swift */ = {isa = PBXFileReference; lastKnownFileType = sourcecode.swift; path = Collection.swift; sourceTree = "<group>"; };
		367CE2C227492FD500AD5010 /* OnboardingManager.swift */ = {isa = PBXFileReference; lastKnownFileType = sourcecode.swift; path = OnboardingManager.swift; sourceTree = "<group>"; };
		367CE2C427492FF300AD5010 /* Stack.swift */ = {isa = PBXFileReference; lastKnownFileType = sourcecode.swift; path = Stack.swift; sourceTree = "<group>"; };
		369056962757C7220019184B /* SettingsCell.swift */ = {isa = PBXFileReference; lastKnownFileType = sourcecode.swift; path = SettingsCell.swift; sourceTree = "<group>"; };
		3697E3A42749177E00C5BE5B /* Recorder.swift */ = {isa = PBXFileReference; lastKnownFileType = sourcecode.swift; path = Recorder.swift; sourceTree = "<group>"; };
		3697E3AA2749180500C5BE5B /* Label.swift */ = {isa = PBXFileReference; lastKnownFileType = sourcecode.swift; path = Label.swift; sourceTree = "<group>"; };
		3697E3AC2749180C00C5BE5B /* Button.swift */ = {isa = PBXFileReference; lastKnownFileType = sourcecode.swift; path = Button.swift; sourceTree = "<group>"; };
		3697E3AE2749187400C5BE5B /* Image.swift */ = {isa = PBXFileReference; lastKnownFileType = sourcecode.swift; path = Image.swift; sourceTree = "<group>"; };
		369962482763B54300AD0CDE /* SavedCell.swift */ = {isa = PBXFileReference; lastKnownFileType = sourcecode.swift; path = SavedCell.swift; sourceTree = "<group>"; };
		3699624A2764F54400AD0CDE /* RecordInfo.swift */ = {isa = PBXFileReference; lastKnownFileType = sourcecode.swift; path = RecordInfo.swift; sourceTree = "<group>"; };
		36CCE9272747E40600997592 /* DecibelMeter.app */ = {isa = PBXFileReference; explicitFileType = wrapper.application; includeInIndex = 0; path = DecibelMeter.app; sourceTree = BUILT_PRODUCTS_DIR; };
		36CCE92A2747E40600997592 /* AppDelegate.swift */ = {isa = PBXFileReference; lastKnownFileType = sourcecode.swift; path = AppDelegate.swift; sourceTree = "<group>"; };
		36CCE9342747E40600997592 /* DecibelMeter.xcdatamodel */ = {isa = PBXFileReference; lastKnownFileType = wrapper.xcdatamodel; path = DecibelMeter.xcdatamodel; sourceTree = "<group>"; };
		36CCE9362747E40800997592 /* Assets.xcassets */ = {isa = PBXFileReference; lastKnownFileType = folder.assetcatalog; path = Assets.xcassets; sourceTree = "<group>"; };
		36CCE9392747E40800997592 /* Base */ = {isa = PBXFileReference; lastKnownFileType = file.storyboard; name = Base; path = Base.lproj/LaunchScreen.storyboard; sourceTree = "<group>"; };
		36CCE93B2747E40800997592 /* Info.plist */ = {isa = PBXFileReference; lastKnownFileType = text.plist.xml; path = Info.plist; sourceTree = "<group>"; };
		36D046192747F5F100EDE28A /* TabBar.swift */ = {isa = PBXFileReference; lastKnownFileType = sourcecode.swift; path = TabBar.swift; sourceTree = "<group>"; };
		36D0461D2747F61A00EDE28A /* Persist.swift */ = {isa = PBXFileReference; lastKnownFileType = sourcecode.swift; path = Persist.swift; sourceTree = "<group>"; };
		36D046212747F82900EDE28A /* Subscribe.swift */ = {isa = PBXFileReference; lastKnownFileType = sourcecode.swift; path = Subscribe.swift; sourceTree = "<group>"; };
		36D046232747F83000EDE28A /* SettingsView.swift */ = {isa = PBXFileReference; lastKnownFileType = sourcecode.swift; path = SettingsView.swift; sourceTree = "<group>"; };
		36D046252747F83B00EDE28A /* OnboardingView.swift */ = {isa = PBXFileReference; lastKnownFileType = sourcecode.swift; path = OnboardingView.swift; sourceTree = "<group>"; };
		36D046272747F84100EDE28A /* SavedView.swift */ = {isa = PBXFileReference; lastKnownFileType = sourcecode.swift; path = SavedView.swift; sourceTree = "<group>"; };
		36D046292747F84C00EDE28A /* RecordView.swift */ = {isa = PBXFileReference; lastKnownFileType = sourcecode.swift; path = RecordView.swift; sourceTree = "<group>"; };
		36D0462D2747FA0000EDE28A /* OpenSans-Regular.ttf */ = {isa = PBXFileReference; lastKnownFileType = file; path = "OpenSans-Regular.ttf"; sourceTree = "<group>"; };
		36D0462E2747FA0000EDE28A /* OpenSans-SemiBold.ttf */ = {isa = PBXFileReference; lastKnownFileType = file; path = "OpenSans-SemiBold.ttf"; sourceTree = "<group>"; };
		36D0462F2747FA0000EDE28A /* OpenSans-Bold.ttf */ = {isa = PBXFileReference; lastKnownFileType = file; path = "OpenSans-Bold.ttf"; sourceTree = "<group>"; };
		36D145772753F3ED00814A9A /* Player.swift */ = {isa = PBXFileReference; lastKnownFileType = sourcecode.swift; path = Player.swift; sourceTree = "<group>"; };
		36D336AD274C0D0900D0111A /* AvgMinMaxBar.swift */ = {isa = PBXFileReference; lastKnownFileType = sourcecode.swift; path = AvgMinMaxBar.swift; sourceTree = "<group>"; };
		36D336AF274C334B00D0111A /* Constants.swift */ = {isa = PBXFileReference; lastKnownFileType = sourcecode.swift; path = Constants.swift; sourceTree = "<group>"; };
		36E4562327675DD600473491 /* Record+CoreDataClass.swift */ = {isa = PBXFileReference; lastKnownFileType = sourcecode.swift; path = "Record+CoreDataClass.swift"; sourceTree = SOURCE_ROOT; };
		36E4562427675DD600473491 /* Record+CoreDataProperties.swift */ = {isa = PBXFileReference; lastKnownFileType = sourcecode.swift; path = "Record+CoreDataProperties.swift"; sourceTree = SOURCE_ROOT; };
		4C86C30D4D39DF74D969A667 /* Pods-DecibelMeter.debug.xcconfig */ = {isa = PBXFileReference; includeInIndex = 1; lastKnownFileType = text.xcconfig; name = "Pods-DecibelMeter.debug.xcconfig"; path = "Target Support Files/Pods-DecibelMeter/Pods-DecibelMeter.debug.xcconfig"; sourceTree = "<group>"; };
/* End PBXFileReference section */

/* Begin PBXFrameworksBuildPhase section */
		36CCE9242747E40600997592 /* Frameworks */ = {
			isa = PBXFrameworksBuildPhase;
			buildActionMask = 2147483647;
			files = (
				0752CED67E608FADAFAB6C9A /* Pods_DecibelMeter.framework in Frameworks */,
			);
			runOnlyForDeploymentPostprocessing = 0;
		};
/* End PBXFrameworksBuildPhase section */

/* Begin PBXGroup section */
		367CE2C62749330B00AD5010 /* Slides */ = {
			isa = PBXGroup;
			children = (
				362E78712749347C0036CAD5 /* MainFunctionalSlide.swift */,
				362E7873274934950036CAD5 /* RatingSlide.swift */,
				362E7875274934A80036CAD5 /* FunctionalDescribingSlide.swift */,
				362E7877274934B50036CAD5 /* SubscribeSlide.swift */,
			);
			path = Slides;
			sourceTree = "<group>";
		};
		3697E3A3274916A500C5BE5B /* Sound */ = {
			isa = PBXGroup;
			children = (
				3697E3A42749177E00C5BE5B /* Recorder.swift */,
				36D145772753F3ED00814A9A /* Player.swift */,
			);
			path = Sound;
			sourceTree = "<group>";
		};
		36ADD0342747EFB900B9F90D /* UI */ = {
			isa = PBXGroup;
			children = (
				36D046182747F5BD00EDE28A /* Fonts */,
				36ADD0362747EFC500B9F90D /* Screens */,
				36ADD0352747EFBD00B9F90D /* Components */,
				36D336AF274C334B00D0111A /* Constants.swift */,
			);
			path = UI;
			sourceTree = "<group>";
		};
		36ADD0352747EFBD00B9F90D /* Components */ = {
			isa = PBXGroup;
			children = (
				3697E3AA2749180500C5BE5B /* Label.swift */,
				3697E3AC2749180C00C5BE5B /* Button.swift */,
				3697E3AE2749187400C5BE5B /* Image.swift */,
				367CE2C027492D8200AD5010 /* Collection.swift */,
				367CE2C427492FF300AD5010 /* Stack.swift */,
				362E78792749404B0036CAD5 /* Gradient.swift */,
				36D336AD274C0D0900D0111A /* AvgMinMaxBar.swift */,
			);
			path = Components;
			sourceTree = "<group>";
		};
		36ADD0362747EFC500B9F90D /* Screens */ = {
			isa = PBXGroup;
			children = (
				36D046192747F5F100EDE28A /* TabBar.swift */,
				36ADD0392747EFE900B9F90D /* Onboarding */,
				36D046172747F5AF00EDE28A /* Subscribe */,
				36ADD03A2747F00800B9F90D /* Settings */,
				36ADD0382747EFE300B9F90D /* Saved */,
				36ADD0372747EFD900B9F90D /* Record */,
			);
			path = Screens;
			sourceTree = "<group>";
		};
		36ADD0372747EFD900B9F90D /* Record */ = {
			isa = PBXGroup;
			children = (
				36D046292747F84C00EDE28A /* RecordView.swift */,
			);
			path = Record;
			sourceTree = "<group>";
		};
		36ADD0382747EFE300B9F90D /* Saved */ = {
			isa = PBXGroup;
			children = (
				36D046272747F84100EDE28A /* SavedView.swift */,
				369962482763B54300AD0CDE /* SavedCell.swift */,
			);
			path = Saved;
			sourceTree = "<group>";
		};
		36ADD0392747EFE900B9F90D /* Onboarding */ = {
			isa = PBXGroup;
			children = (
				367CE2C62749330B00AD5010 /* Slides */,
				36D046252747F83B00EDE28A /* OnboardingView.swift */,
				367CE2C227492FD500AD5010 /* OnboardingManager.swift */,
			);
			path = Onboarding;
			sourceTree = "<group>";
		};
		36ADD03A2747F00800B9F90D /* Settings */ = {
			isa = PBXGroup;
			children = (
				36D046232747F83000EDE28A /* SettingsView.swift */,
				369056962757C7220019184B /* SettingsCell.swift */,
			);
			path = Settings;
			sourceTree = "<group>";
		};
		36CCE91E2747E40600997592 = {
			isa = PBXGroup;
			children = (
				36CCE9292747E40600997592 /* DecibelMeter */,
				36CCE9282747E40600997592 /* Products */,
				AEB1B7B2DC66555CA9F7B896 /* Pods */,
				8566964C20D0CC2AB36B1E0B /* Frameworks */,
			);
			sourceTree = "<group>";
		};
		36CCE9282747E40600997592 /* Products */ = {
			isa = PBXGroup;
			children = (
				36CCE9272747E40600997592 /* DecibelMeter.app */,
			);
			name = Products;
			sourceTree = "<group>";
		};
		36CCE9292747E40600997592 /* DecibelMeter */ = {
			isa = PBXGroup;
			children = (
				3697E3A3274916A500C5BE5B /* Sound */,
				36D0461B2747F60800EDE28A /* Persist */,
				36ADD0342747EFB900B9F90D /* UI */,
				36CCE92A2747E40600997592 /* AppDelegate.swift */,
				36CCE9362747E40800997592 /* Assets.xcassets */,
				36CCE9382747E40800997592 /* LaunchScreen.storyboard */,
				36CCE93B2747E40800997592 /* Info.plist */,
				36CCE9332747E40600997592 /* DecibelMeter.xcdatamodeld */,
			);
			path = DecibelMeter;
			sourceTree = "<group>";
		};
		36D046172747F5AF00EDE28A /* Subscribe */ = {
			isa = PBXGroup;
			children = (
				36D046212747F82900EDE28A /* Subscribe.swift */,
			);
			path = Subscribe;
			sourceTree = "<group>";
		};
		36D046182747F5BD00EDE28A /* Fonts */ = {
			isa = PBXGroup;
			children = (
				36D0462F2747FA0000EDE28A /* OpenSans-Bold.ttf */,
				36D0462D2747FA0000EDE28A /* OpenSans-Regular.ttf */,
				36D0462E2747FA0000EDE28A /* OpenSans-SemiBold.ttf */,
			);
			path = Fonts;
			sourceTree = "<group>";
		};
		36D0461B2747F60800EDE28A /* Persist */ = {
			isa = PBXGroup;
			children = (
				36D0461C2747F60E00EDE28A /* Model */,
				36D0461D2747F61A00EDE28A /* Persist.swift */,
			);
			path = Persist;
			sourceTree = "<group>";
		};
		36D0461C2747F60E00EDE28A /* Model */ = {
			isa = PBXGroup;
			children = (
				36E4562327675DD600473491 /* Record+CoreDataClass.swift */,
				36E4562427675DD600473491 /* Record+CoreDataProperties.swift */,
				3699624A2764F54400AD0CDE /* RecordInfo.swift */,
			);
			path = Model;
			sourceTree = "<group>";
		};
		8566964C20D0CC2AB36B1E0B /* Frameworks */ = {
			isa = PBXGroup;
			children = (
				264DDBDBE32EDDBB4A5B99D4 /* Pods_DecibelMeter.framework */,
			);
			name = Frameworks;
			sourceTree = "<group>";
		};
		AEB1B7B2DC66555CA9F7B896 /* Pods */ = {
			isa = PBXGroup;
			children = (
				4C86C30D4D39DF74D969A667 /* Pods-DecibelMeter.debug.xcconfig */,
				26A70E6834C96DE7E2DAA6C9 /* Pods-DecibelMeter.release.xcconfig */,
			);
			path = Pods;
			sourceTree = "<group>";
		};
/* End PBXGroup section */

/* Begin PBXNativeTarget section */
		36CCE9262747E40600997592 /* DecibelMeter */ = {
			isa = PBXNativeTarget;
			buildConfigurationList = 36CCE93E2747E40800997592 /* Build configuration list for PBXNativeTarget "DecibelMeter" */;
			buildPhases = (
				6BD6DCBB037CB543F2263B40 /* [CP] Check Pods Manifest.lock */,
				36CCE9232747E40600997592 /* Sources */,
				36CCE9242747E40600997592 /* Frameworks */,
				36CCE9252747E40600997592 /* Resources */,
				1E8A60619E9747576F1E2B8F /* [CP] Embed Pods Frameworks */,
			);
			buildRules = (
			);
			dependencies = (
			);
			name = DecibelMeter;
			productName = DecibelMeter;
			productReference = 36CCE9272747E40600997592 /* DecibelMeter.app */;
			productType = "com.apple.product-type.application";
		};
/* End PBXNativeTarget section */

/* Begin PBXProject section */
		36CCE91F2747E40600997592 /* Project object */ = {
			isa = PBXProject;
			attributes = {
				BuildIndependentTargetsInParallel = 1;
				LastSwiftUpdateCheck = 1310;
				LastUpgradeCheck = 1310;
				TargetAttributes = {
					36CCE9262747E40600997592 = {
						CreatedOnToolsVersion = 13.1;
					};
				};
			};
			buildConfigurationList = 36CCE9222747E40600997592 /* Build configuration list for PBXProject "DecibelMeter" */;
			compatibilityVersion = "Xcode 13.0";
			developmentRegion = en;
			hasScannedForEncodings = 0;
			knownRegions = (
				en,
				Base,
			);
			mainGroup = 36CCE91E2747E40600997592;
			productRefGroup = 36CCE9282747E40600997592 /* Products */;
			projectDirPath = "";
			projectRoot = "";
			targets = (
				36CCE9262747E40600997592 /* DecibelMeter */,
			);
		};
/* End PBXProject section */

/* Begin PBXResourcesBuildPhase section */
		36CCE9252747E40600997592 /* Resources */ = {
			isa = PBXResourcesBuildPhase;
			buildActionMask = 2147483647;
			files = (
				36CCE93A2747E40800997592 /* LaunchScreen.storyboard in Resources */,
				36CCE9372747E40800997592 /* Assets.xcassets in Resources */,
				36D046322747FA0000EDE28A /* OpenSans-Bold.ttf in Resources */,
				36D046312747FA0000EDE28A /* OpenSans-SemiBold.ttf in Resources */,
				36D046302747FA0000EDE28A /* OpenSans-Regular.ttf in Resources */,
			);
			runOnlyForDeploymentPostprocessing = 0;
		};
/* End PBXResourcesBuildPhase section */

/* Begin PBXShellScriptBuildPhase section */
		1E8A60619E9747576F1E2B8F /* [CP] Embed Pods Frameworks */ = {
			isa = PBXShellScriptBuildPhase;
			buildActionMask = 2147483647;
			files = (
			);
			inputFileListPaths = (
				"${PODS_ROOT}/Target Support Files/Pods-DecibelMeter/Pods-DecibelMeter-frameworks-${CONFIGURATION}-input-files.xcfilelist",
			);
			name = "[CP] Embed Pods Frameworks";
			outputFileListPaths = (
				"${PODS_ROOT}/Target Support Files/Pods-DecibelMeter/Pods-DecibelMeter-frameworks-${CONFIGURATION}-output-files.xcfilelist",
			);
			runOnlyForDeploymentPostprocessing = 0;
			shellPath = /bin/sh;
			shellScript = "\"${PODS_ROOT}/Target Support Files/Pods-DecibelMeter/Pods-DecibelMeter-frameworks.sh\"\n";
			showEnvVarsInLog = 0;
		};
		6BD6DCBB037CB543F2263B40 /* [CP] Check Pods Manifest.lock */ = {
			isa = PBXShellScriptBuildPhase;
			buildActionMask = 2147483647;
			files = (
			);
			inputFileListPaths = (
			);
			inputPaths = (
				"${PODS_PODFILE_DIR_PATH}/Podfile.lock",
				"${PODS_ROOT}/Manifest.lock",
			);
			name = "[CP] Check Pods Manifest.lock";
			outputFileListPaths = (
			);
			outputPaths = (
				"$(DERIVED_FILE_DIR)/Pods-DecibelMeter-checkManifestLockResult.txt",
			);
			runOnlyForDeploymentPostprocessing = 0;
			shellPath = /bin/sh;
			shellScript = "diff \"${PODS_PODFILE_DIR_PATH}/Podfile.lock\" \"${PODS_ROOT}/Manifest.lock\" > /dev/null\nif [ $? != 0 ] ; then\n    # print error to STDERR\n    echo \"error: The sandbox is not in sync with the Podfile.lock. Run 'pod install' or update your CocoaPods installation.\" >&2\n    exit 1\nfi\n# This output is used by Xcode 'outputs' to avoid re-running this script phase.\necho \"SUCCESS\" > \"${SCRIPT_OUTPUT_FILE_0}\"\n";
			showEnvVarsInLog = 0;
		};
/* End PBXShellScriptBuildPhase section */

/* Begin PBXSourcesBuildPhase section */
		36CCE9232747E40600997592 /* Sources */ = {
			isa = PBXSourcesBuildPhase;
			buildActionMask = 2147483647;
			files = (
				36D046262747F83B00EDE28A /* OnboardingView.swift in Sources */,
				362E78722749347C0036CAD5 /* MainFunctionalSlide.swift in Sources */,
				36D336AE274C0D0900D0111A /* AvgMinMaxBar.swift in Sources */,
				36D046222747F82900EDE28A /* Subscribe.swift in Sources */,
				36D046242747F83000EDE28A /* SettingsView.swift in Sources */,
				362E7878274934B50036CAD5 /* SubscribeSlide.swift in Sources */,
				36CCE92B2747E40600997592 /* AppDelegate.swift in Sources */,
				367CE2C327492FD500AD5010 /* OnboardingManager.swift in Sources */,
				36D0461E2747F61A00EDE28A /* Persist.swift in Sources */,
				362E7876274934A80036CAD5 /* FunctionalDescribingSlide.swift in Sources */,
				36D0462A2747F84C00EDE28A /* RecordView.swift in Sources */,
				362E7874274934950036CAD5 /* RatingSlide.swift in Sources */,
				367CE2C127492D8200AD5010 /* Collection.swift in Sources */,
				3697E3AF2749187400C5BE5B /* Image.swift in Sources */,
				36CCE9352747E40600997592 /* DecibelMeter.xcdatamodeld in Sources */,
				3697E3AD2749180C00C5BE5B /* Button.swift in Sources */,
				369962492763B54300AD0CDE /* SavedCell.swift in Sources */,
				36E4562527675DD600473491 /* Record+CoreDataClass.swift in Sources */,
				36D0461A2747F5F100EDE28A /* TabBar.swift in Sources */,
				36D145782753F3ED00814A9A /* Player.swift in Sources */,
				3697E3A52749177E00C5BE5B /* Recorder.swift in Sources */,
				369056972757C7230019184B /* SettingsCell.swift in Sources */,
				3697E3AB2749180500C5BE5B /* Label.swift in Sources */,
				36E4562627675DD600473491 /* Record+CoreDataProperties.swift in Sources */,
				367CE2C527492FF300AD5010 /* Stack.swift in Sources */,
				36D046282747F84200EDE28A /* SavedView.swift in Sources */,
				362E787A2749404B0036CAD5 /* Gradient.swift in Sources */,
				36D336B0274C334B00D0111A /* Constants.swift in Sources */,
				3699624B2764F54400AD0CDE /* RecordInfo.swift in Sources */,
			);
			runOnlyForDeploymentPostprocessing = 0;
		};
/* End PBXSourcesBuildPhase section */

/* Begin PBXVariantGroup section */
		36CCE9382747E40800997592 /* LaunchScreen.storyboard */ = {
			isa = PBXVariantGroup;
			children = (
				36CCE9392747E40800997592 /* Base */,
			);
			name = LaunchScreen.storyboard;
			sourceTree = "<group>";
		};
/* End PBXVariantGroup section */

/* Begin XCBuildConfiguration section */
		36CCE93C2747E40800997592 /* Debug */ = {
			isa = XCBuildConfiguration;
			buildSettings = {
				ALWAYS_SEARCH_USER_PATHS = NO;
				CLANG_ANALYZER_NONNULL = YES;
				CLANG_ANALYZER_NUMBER_OBJECT_CONVERSION = YES_AGGRESSIVE;
				CLANG_CXX_LANGUAGE_STANDARD = "gnu++17";
				CLANG_CXX_LIBRARY = "libc++";
				CLANG_ENABLE_MODULES = YES;
				CLANG_ENABLE_OBJC_ARC = YES;
				CLANG_ENABLE_OBJC_WEAK = YES;
				CLANG_WARN_BLOCK_CAPTURE_AUTORELEASING = YES;
				CLANG_WARN_BOOL_CONVERSION = YES;
				CLANG_WARN_COMMA = YES;
				CLANG_WARN_CONSTANT_CONVERSION = YES;
				CLANG_WARN_DEPRECATED_OBJC_IMPLEMENTATIONS = YES;
				CLANG_WARN_DIRECT_OBJC_ISA_USAGE = YES_ERROR;
				CLANG_WARN_DOCUMENTATION_COMMENTS = YES;
				CLANG_WARN_EMPTY_BODY = YES;
				CLANG_WARN_ENUM_CONVERSION = YES;
				CLANG_WARN_INFINITE_RECURSION = YES;
				CLANG_WARN_INT_CONVERSION = YES;
				CLANG_WARN_NON_LITERAL_NULL_CONVERSION = YES;
				CLANG_WARN_OBJC_IMPLICIT_RETAIN_SELF = YES;
				CLANG_WARN_OBJC_LITERAL_CONVERSION = YES;
				CLANG_WARN_OBJC_ROOT_CLASS = YES_ERROR;
				CLANG_WARN_QUOTED_INCLUDE_IN_FRAMEWORK_HEADER = YES;
				CLANG_WARN_RANGE_LOOP_ANALYSIS = YES;
				CLANG_WARN_STRICT_PROTOTYPES = YES;
				CLANG_WARN_SUSPICIOUS_MOVE = YES;
				CLANG_WARN_UNGUARDED_AVAILABILITY = YES_AGGRESSIVE;
				CLANG_WARN_UNREACHABLE_CODE = YES;
				CLANG_WARN__DUPLICATE_METHOD_MATCH = YES;
				COPY_PHASE_STRIP = NO;
				DEBUG_INFORMATION_FORMAT = dwarf;
				ENABLE_STRICT_OBJC_MSGSEND = YES;
				ENABLE_TESTABILITY = YES;
				GCC_C_LANGUAGE_STANDARD = gnu11;
				GCC_DYNAMIC_NO_PIC = NO;
				GCC_NO_COMMON_BLOCKS = YES;
				GCC_OPTIMIZATION_LEVEL = 0;
				GCC_PREPROCESSOR_DEFINITIONS = (
					"DEBUG=1",
					"$(inherited)",
				);
				GCC_WARN_64_TO_32_BIT_CONVERSION = YES;
				GCC_WARN_ABOUT_RETURN_TYPE = YES_ERROR;
				GCC_WARN_UNDECLARED_SELECTOR = YES;
				GCC_WARN_UNINITIALIZED_AUTOS = YES_AGGRESSIVE;
				GCC_WARN_UNUSED_FUNCTION = YES;
				GCC_WARN_UNUSED_VARIABLE = YES;
				IPHONEOS_DEPLOYMENT_TARGET = 12.1;
				MTL_ENABLE_DEBUG_INFO = INCLUDE_SOURCE;
				MTL_FAST_MATH = YES;
				ONLY_ACTIVE_ARCH = YES;
				SDKROOT = iphoneos;
				SWIFT_ACTIVE_COMPILATION_CONDITIONS = DEBUG;
				SWIFT_OPTIMIZATION_LEVEL = "-Onone";
			};
			name = Debug;
		};
		36CCE93D2747E40800997592 /* Release */ = {
			isa = XCBuildConfiguration;
			buildSettings = {
				ALWAYS_SEARCH_USER_PATHS = NO;
				CLANG_ANALYZER_NONNULL = YES;
				CLANG_ANALYZER_NUMBER_OBJECT_CONVERSION = YES_AGGRESSIVE;
				CLANG_CXX_LANGUAGE_STANDARD = "gnu++17";
				CLANG_CXX_LIBRARY = "libc++";
				CLANG_ENABLE_MODULES = YES;
				CLANG_ENABLE_OBJC_ARC = YES;
				CLANG_ENABLE_OBJC_WEAK = YES;
				CLANG_WARN_BLOCK_CAPTURE_AUTORELEASING = YES;
				CLANG_WARN_BOOL_CONVERSION = YES;
				CLANG_WARN_COMMA = YES;
				CLANG_WARN_CONSTANT_CONVERSION = YES;
				CLANG_WARN_DEPRECATED_OBJC_IMPLEMENTATIONS = YES;
				CLANG_WARN_DIRECT_OBJC_ISA_USAGE = YES_ERROR;
				CLANG_WARN_DOCUMENTATION_COMMENTS = YES;
				CLANG_WARN_EMPTY_BODY = YES;
				CLANG_WARN_ENUM_CONVERSION = YES;
				CLANG_WARN_INFINITE_RECURSION = YES;
				CLANG_WARN_INT_CONVERSION = YES;
				CLANG_WARN_NON_LITERAL_NULL_CONVERSION = YES;
				CLANG_WARN_OBJC_IMPLICIT_RETAIN_SELF = YES;
				CLANG_WARN_OBJC_LITERAL_CONVERSION = YES;
				CLANG_WARN_OBJC_ROOT_CLASS = YES_ERROR;
				CLANG_WARN_QUOTED_INCLUDE_IN_FRAMEWORK_HEADER = YES;
				CLANG_WARN_RANGE_LOOP_ANALYSIS = YES;
				CLANG_WARN_STRICT_PROTOTYPES = YES;
				CLANG_WARN_SUSPICIOUS_MOVE = YES;
				CLANG_WARN_UNGUARDED_AVAILABILITY = YES_AGGRESSIVE;
				CLANG_WARN_UNREACHABLE_CODE = YES;
				CLANG_WARN__DUPLICATE_METHOD_MATCH = YES;
				COPY_PHASE_STRIP = NO;
				DEBUG_INFORMATION_FORMAT = "dwarf-with-dsym";
				ENABLE_NS_ASSERTIONS = NO;
				ENABLE_STRICT_OBJC_MSGSEND = YES;
				GCC_C_LANGUAGE_STANDARD = gnu11;
				GCC_NO_COMMON_BLOCKS = YES;
				GCC_WARN_64_TO_32_BIT_CONVERSION = YES;
				GCC_WARN_ABOUT_RETURN_TYPE = YES_ERROR;
				GCC_WARN_UNDECLARED_SELECTOR = YES;
				GCC_WARN_UNINITIALIZED_AUTOS = YES_AGGRESSIVE;
				GCC_WARN_UNUSED_FUNCTION = YES;
				GCC_WARN_UNUSED_VARIABLE = YES;
				IPHONEOS_DEPLOYMENT_TARGET = 12.1;
				MTL_ENABLE_DEBUG_INFO = NO;
				MTL_FAST_MATH = YES;
				SDKROOT = iphoneos;
				SWIFT_COMPILATION_MODE = wholemodule;
				SWIFT_OPTIMIZATION_LEVEL = "-O";
				VALIDATE_PRODUCT = YES;
			};
			name = Release;
		};
		36CCE93F2747E40800997592 /* Debug */ = {
			isa = XCBuildConfiguration;
			baseConfigurationReference = 4C86C30D4D39DF74D969A667 /* Pods-DecibelMeter.debug.xcconfig */;
			buildSettings = {
				ASSETCATALOG_COMPILER_APPICON_NAME = AppIcon;
				ASSETCATALOG_COMPILER_GLOBAL_ACCENT_COLOR_NAME = AccentColor;
				CODE_SIGN_STYLE = Automatic;
				CURRENT_PROJECT_VERSION = 1;
				DEVELOPMENT_TEAM = F26CRWS66V;
				GENERATE_INFOPLIST_FILE = YES;
				INFOPLIST_FILE = DecibelMeter/Info.plist;
				INFOPLIST_KEY_NSMicrophoneUsageDescription = "Need for recording audio";
				INFOPLIST_KEY_UIApplicationSupportsIndirectInputEvents = YES;
				INFOPLIST_KEY_UILaunchStoryboardName = LaunchScreen;
				INFOPLIST_KEY_UISupportedInterfaceOrientations = UIInterfaceOrientationPortrait;
				INFOPLIST_KEY_UISupportedInterfaceOrientations_iPad = "UIInterfaceOrientationPortrait UIInterfaceOrientationPortraitUpsideDown UIInterfaceOrientationLandscapeLeft UIInterfaceOrientationLandscapeRight";
				INFOPLIST_KEY_UISupportedInterfaceOrientations_iPhone = UIInterfaceOrientationPortrait;
				IPHONEOS_DEPLOYMENT_TARGET = 12.1;
				LD_RUNPATH_SEARCH_PATHS = (
					"$(inherited)",
					"@executable_path/Frameworks",
				);
				MARKETING_VERSION = 1.0;
				PRODUCT_BUNDLE_IDENTIFIER = PolinaProkopenko.DecibelMeter;
				PRODUCT_NAME = "$(TARGET_NAME)";
				SWIFT_EMIT_LOC_STRINGS = YES;
				SWIFT_VERSION = 5.0;
				TARGETED_DEVICE_FAMILY = "1,2";
			};
			name = Debug;
		};
		36CCE9402747E40800997592 /* Release */ = {
			isa = XCBuildConfiguration;
			baseConfigurationReference = 26A70E6834C96DE7E2DAA6C9 /* Pods-DecibelMeter.release.xcconfig */;
			buildSettings = {
				ASSETCATALOG_COMPILER_APPICON_NAME = AppIcon;
				ASSETCATALOG_COMPILER_GLOBAL_ACCENT_COLOR_NAME = AccentColor;
				CODE_SIGN_STYLE = Automatic;
				CURRENT_PROJECT_VERSION = 1;
				DEVELOPMENT_TEAM = F26CRWS66V;
				GENERATE_INFOPLIST_FILE = YES;
				INFOPLIST_FILE = DecibelMeter/Info.plist;
				INFOPLIST_KEY_NSMicrophoneUsageDescription = "Need for recording audio";
				INFOPLIST_KEY_UIApplicationSupportsIndirectInputEvents = YES;
				INFOPLIST_KEY_UILaunchStoryboardName = LaunchScreen;
				INFOPLIST_KEY_UISupportedInterfaceOrientations = UIInterfaceOrientationPortrait;
				INFOPLIST_KEY_UISupportedInterfaceOrientations_iPad = "UIInterfaceOrientationPortrait UIInterfaceOrientationPortraitUpsideDown UIInterfaceOrientationLandscapeLeft UIInterfaceOrientationLandscapeRight";
				INFOPLIST_KEY_UISupportedInterfaceOrientations_iPhone = UIInterfaceOrientationPortrait;
				IPHONEOS_DEPLOYMENT_TARGET = 12.1;
				LD_RUNPATH_SEARCH_PATHS = (
					"$(inherited)",
					"@executable_path/Frameworks",
				);
				MARKETING_VERSION = 1.0;
				PRODUCT_BUNDLE_IDENTIFIER = PolinaProkopenko.DecibelMeter;
				PRODUCT_NAME = "$(TARGET_NAME)";
				SWIFT_EMIT_LOC_STRINGS = YES;
				SWIFT_VERSION = 5.0;
				TARGETED_DEVICE_FAMILY = "1,2";
			};
			name = Release;
		};
/* End XCBuildConfiguration section */

/* Begin XCConfigurationList section */
		36CCE9222747E40600997592 /* Build configuration list for PBXProject "DecibelMeter" */ = {
			isa = XCConfigurationList;
			buildConfigurations = (
				36CCE93C2747E40800997592 /* Debug */,
				36CCE93D2747E40800997592 /* Release */,
			);
			defaultConfigurationIsVisible = 0;
			defaultConfigurationName = Release;
		};
		36CCE93E2747E40800997592 /* Build configuration list for PBXNativeTarget "DecibelMeter" */ = {
			isa = XCConfigurationList;
			buildConfigurations = (
				36CCE93F2747E40800997592 /* Debug */,
				36CCE9402747E40800997592 /* Release */,
			);
			defaultConfigurationIsVisible = 0;
			defaultConfigurationName = Release;
		};
/* End XCConfigurationList section */

/* Begin XCVersionGroup section */
		36CCE9332747E40600997592 /* DecibelMeter.xcdatamodeld */ = {
			isa = XCVersionGroup;
			children = (
				36CCE9342747E40600997592 /* DecibelMeter.xcdatamodel */,
			);
			currentVersion = 36CCE9342747E40600997592 /* DecibelMeter.xcdatamodel */;
			path = DecibelMeter.xcdatamodeld;
			sourceTree = "<group>";
			versionGroupType = wrapper.xcdatamodel;
		};
/* End XCVersionGroup section */
	};
	rootObject = 36CCE91F2747E40600997592 /* Project object */;
}
